
Microsoft Visual Studio Solution File, Format Version 12.00
# Visual Studio Version 16
VisualStudioVersion = 16.0.33927.289
MinimumVisualStudioVersion = 10.0.40219.1
Project("{FAE04EC0-301F-11D3-BF4B-00C04F79EFBC}") = "Laba5_V_11", "Laba5_V_11.csproj", "{53D2A06D-FF2B-4463-81F3-32A5A0805B07}"
EndProject
Global
	GlobalSection(SolutionConfigurationPlatforms) = preSolution
		Debug|Any CPU = Debug|Any CPU
		Release|Any CPU = Release|Any CPU
	EndGlobalSection
	GlobalSection(ProjectConfigurationPlatforms) = postSolution
		{53D2A06D-FF2B-4463-81F3-32A5A0805B07}.Debug|Any CPU.ActiveCfg = Debug|Any CPU
		{53D2A06D-FF2B-4463-81F3-32A5A0805B07}.Debug|Any CPU.Build.0 = Debug|Any CPU
		{53D2A06D-FF2B-4463-81F3-32A5A0805B07}.Release|Any CPU.ActiveCfg = Release|Any CPU
		{53D2A06D-FF2B-4463-81F3-32A5A0805B07}.Release|Any CPU.Build.0 = Release|Any CPU
	EndGlobalSection
	GlobalSection(SolutionProperties) = preSolution
		HideSolutionNode = FALSE
	EndGlobalSection
	GlobalSection(ExtensibilityGlobals) = postSolution
		SolutionGuid = {BBBC1E29-A1BB-4E36-B24F-78F748C933E2}
	EndGlobalSection
EndGlobal
